
Microsoft Visual Studio Solution File, Format Version 11.00
# Visual Studio 2010
# SharpDevelop 4.4
Project("{FAE04EC0-301F-11D3-BF4B-00C04F79EFBC}") = "clasePersistencia", "clasePersistencia\clasePersistencia.csproj", "{88372D8C-6036-4B54-8536-74E7BE482CB5}"
EndProject
Global
	GlobalSection(SolutionConfigurationPlatforms) = preSolution
		Debug|Any CPU = Debug|Any CPU
		Release|Any CPU = Release|Any CPU
	EndGlobalSection
	GlobalSection(ProjectConfigurationPlatforms) = postSolution
		{88372D8C-6036-4B54-8536-74E7BE482CB5}.Debug|Any CPU.Build.0 = Debug|Any CPU
		{88372D8C-6036-4B54-8536-74E7BE482CB5}.Debug|Any CPU.ActiveCfg = Debug|Any CPU
		{88372D8C-6036-4B54-8536-74E7BE482CB5}.Release|Any CPU.Build.0 = Release|Any CPU
		{88372D8C-6036-4B54-8536-74E7BE482CB5}.Release|Any CPU.ActiveCfg = Release|Any CPU
	EndGlobalSection
EndGlobal
