
Microsoft Visual Studio Solution File, Format Version 11.00
# Visual Studio 2010
# SharpDevelop 4.4
Project("{FAE04EC0-301F-11D3-BF4B-00C04F79EFBC}") = "clase1", "clase1\clase1.csproj", "{D9BA99B6-69C8-4B4D-A6D1-D5B81F1DD96D}"
EndProject
Global
	GlobalSection(SolutionConfigurationPlatforms) = preSolution
		Debug|Any CPU = Debug|Any CPU
		Release|Any CPU = Release|Any CPU
	EndGlobalSection
	GlobalSection(ProjectConfigurationPlatforms) = postSolution
		{D9BA99B6-69C8-4B4D-A6D1-D5B81F1DD96D}.Debug|Any CPU.Build.0 = Debug|Any CPU
		{D9BA99B6-69C8-4B4D-A6D1-D5B81F1DD96D}.Debug|Any CPU.ActiveCfg = Debug|Any CPU
		{D9BA99B6-69C8-4B4D-A6D1-D5B81F1DD96D}.Release|Any CPU.Build.0 = Release|Any CPU
		{D9BA99B6-69C8-4B4D-A6D1-D5B81F1DD96D}.Release|Any CPU.ActiveCfg = Release|Any CPU
	EndGlobalSection
EndGlobal
