
Microsoft Visual Studio Solution File, Format Version 11.00
# Visual Studio 2010
# SharpDevelop 4.4
Project("{FAE04EC0-301F-11D3-BF4B-00C04F79EFBC}") = "claseSobrecarga", "claseSobrecarga\claseSobrecarga.csproj", "{0A3D110F-6531-4066-95FF-E7CF0E766EDA}"
EndProject
Global
	GlobalSection(SolutionConfigurationPlatforms) = preSolution
		Debug|Any CPU = Debug|Any CPU
		Release|Any CPU = Release|Any CPU
	EndGlobalSection
	GlobalSection(ProjectConfigurationPlatforms) = postSolution
		{0A3D110F-6531-4066-95FF-E7CF0E766EDA}.Debug|Any CPU.Build.0 = Debug|Any CPU
		{0A3D110F-6531-4066-95FF-E7CF0E766EDA}.Debug|Any CPU.ActiveCfg = Debug|Any CPU
		{0A3D110F-6531-4066-95FF-E7CF0E766EDA}.Release|Any CPU.Build.0 = Release|Any CPU
		{0A3D110F-6531-4066-95FF-E7CF0E766EDA}.Release|Any CPU.ActiveCfg = Release|Any CPU
	EndGlobalSection
EndGlobal
